
Microsoft Visual Studio Solution File, Format Version 12.00
# Visual Studio Version 17
VisualStudioVersion = 17.10.35027.167
MinimumVisualStudioVersion = 10.0.40219.1
Project("{9A19103F-16F7-4668-BE54-9A1E7A4F7556}") = "GuestCRUD.Service", "GuestCRUD.Service\GuestCRUD.Service.csproj", "{024D616C-8B56-4437-ADFA-5B2C857767E6}"
EndProject
Project("{FAE04EC0-301F-11D3-BF4B-00C04F79EFBC}") = "GuestCRUD.Data", "GuestCRUD.Data\GuestCRUD.Data.csproj", "{DF2B4B16-7231-4223-BCA4-2F9A95ADAD81}"
EndProject
Project("{FAE04EC0-301F-11D3-BF4B-00C04F79EFBC}") = "GuestCRUD.Dto", "GuestCRUD.Dto\GuestCRUD.Dto.csproj", "{0D135D79-0F2A-4D98-999A-52B6CBA7670F}"
EndProject
Global
	GlobalSection(SolutionConfigurationPlatforms) = preSolution
		Debug|Any CPU = Debug|Any CPU
		Release|Any CPU = Release|Any CPU
	EndGlobalSection
	GlobalSection(ProjectConfigurationPlatforms) = postSolution
		{024D616C-8B56-4437-ADFA-5B2C857767E6}.Debug|Any CPU.ActiveCfg = Debug|Any CPU
		{024D616C-8B56-4437-ADFA-5B2C857767E6}.Debug|Any CPU.Build.0 = Debug|Any CPU
		{024D616C-8B56-4437-ADFA-5B2C857767E6}.Release|Any CPU.ActiveCfg = Release|Any CPU
		{024D616C-8B56-4437-ADFA-5B2C857767E6}.Release|Any CPU.Build.0 = Release|Any CPU
		{DF2B4B16-7231-4223-BCA4-2F9A95ADAD81}.Debug|Any CPU.ActiveCfg = Debug|Any CPU
		{DF2B4B16-7231-4223-BCA4-2F9A95ADAD81}.Debug|Any CPU.Build.0 = Debug|Any CPU
		{DF2B4B16-7231-4223-BCA4-2F9A95ADAD81}.Release|Any CPU.ActiveCfg = Release|Any CPU
		{DF2B4B16-7231-4223-BCA4-2F9A95ADAD81}.Release|Any CPU.Build.0 = Release|Any CPU
		{0D135D79-0F2A-4D98-999A-52B6CBA7670F}.Debug|Any CPU.ActiveCfg = Debug|Any CPU
		{0D135D79-0F2A-4D98-999A-52B6CBA7670F}.Debug|Any CPU.Build.0 = Debug|Any CPU
		{0D135D79-0F2A-4D98-999A-52B6CBA7670F}.Release|Any CPU.ActiveCfg = Release|Any CPU
		{0D135D79-0F2A-4D98-999A-52B6CBA7670F}.Release|Any CPU.Build.0 = Release|Any CPU
	EndGlobalSection
	GlobalSection(SolutionProperties) = preSolution
		HideSolutionNode = FALSE
	EndGlobalSection
	GlobalSection(ExtensibilityGlobals) = postSolution
		SolutionGuid = {875BD263-7763-49B8-8ED0-326EB9A09135}
	EndGlobalSection
EndGlobal
